
Microsoft Visual Studio Solution File, Format Version 12.00
# Visual Studio Version 17
VisualStudioVersion = 17.0.31903.59
MinimumVisualStudioVersion = 10.0.40219.1
Project("{FAE04EC0-301F-11D3-BF4B-00C04F79EFBC}") = "Chat.Contracts", "Chat.Contracts\Chat.Contracts.csproj", "{FD7D030E-5B4A-4960-A921-3330D1A938EC}"
EndProject
Project("{FAE04EC0-301F-11D3-BF4B-00C04F79EFBC}") = "ChatServer", "ChatServer\ChatServer.csproj", "{141F1FE1-B71E-4705-84BF-6007AB657AED}"
EndProject
Project("{FAE04EC0-301F-11D3-BF4B-00C04F79EFBC}") = "ChatClient", "ChatClient\ChatClient.csproj", "{D83E19E4-406C-4846-A647-7FBB32304062}"
EndProject
Global
	GlobalSection(SolutionConfigurationPlatforms) = preSolution
		Debug|Any CPU = Debug|Any CPU
		Debug|x64 = Debug|x64
		Debug|x86 = Debug|x86
		Release|Any CPU = Release|Any CPU
		Release|x64 = Release|x64
		Release|x86 = Release|x86
	EndGlobalSection
	GlobalSection(ProjectConfigurationPlatforms) = postSolution
		{FD7D030E-5B4A-4960-A921-3330D1A938EC}.Debug|Any CPU.ActiveCfg = Debug|Any CPU
		{FD7D030E-5B4A-4960-A921-3330D1A938EC}.Debug|Any CPU.Build.0 = Debug|Any CPU
		{FD7D030E-5B4A-4960-A921-3330D1A938EC}.Debug|x64.ActiveCfg = Debug|Any CPU
		{FD7D030E-5B4A-4960-A921-3330D1A938EC}.Debug|x64.Build.0 = Debug|Any CPU
		{FD7D030E-5B4A-4960-A921-3330D1A938EC}.Debug|x86.ActiveCfg = Debug|Any CPU
		{FD7D030E-5B4A-4960-A921-3330D1A938EC}.Debug|x86.Build.0 = Debug|Any CPU
		{FD7D030E-5B4A-4960-A921-3330D1A938EC}.Release|Any CPU.ActiveCfg = Release|Any CPU
		{FD7D030E-5B4A-4960-A921-3330D1A938EC}.Release|Any CPU.Build.0 = Release|Any CPU
		{FD7D030E-5B4A-4960-A921-3330D1A938EC}.Release|x64.ActiveCfg = Release|Any CPU
		{FD7D030E-5B4A-4960-A921-3330D1A938EC}.Release|x64.Build.0 = Release|Any CPU
		{FD7D030E-5B4A-4960-A921-3330D1A938EC}.Release|x86.ActiveCfg = Release|Any CPU
		{FD7D030E-5B4A-4960-A921-3330D1A938EC}.Release|x86.Build.0 = Release|Any CPU
		{141F1FE1-B71E-4705-84BF-6007AB657AED}.Debug|Any CPU.ActiveCfg = Debug|Any CPU
		{141F1FE1-B71E-4705-84BF-6007AB657AED}.Debug|Any CPU.Build.0 = Debug|Any CPU
		{141F1FE1-B71E-4705-84BF-6007AB657AED}.Debug|x64.ActiveCfg = Debug|Any CPU
		{141F1FE1-B71E-4705-84BF-6007AB657AED}.Debug|x64.Build.0 = Debug|Any CPU
		{141F1FE1-B71E-4705-84BF-6007AB657AED}.Debug|x86.ActiveCfg = Debug|Any CPU
		{141F1FE1-B71E-4705-84BF-6007AB657AED}.Debug|x86.Build.0 = Debug|Any CPU
		{141F1FE1-B71E-4705-84BF-6007AB657AED}.Release|Any CPU.ActiveCfg = Release|Any CPU
		{141F1FE1-B71E-4705-84BF-6007AB657AED}.Release|Any CPU.Build.0 = Release|Any CPU
		{141F1FE1-B71E-4705-84BF-6007AB657AED}.Release|x64.ActiveCfg = Release|Any CPU
		{141F1FE1-B71E-4705-84BF-6007AB657AED}.Release|x64.Build.0 = Release|Any CPU
		{141F1FE1-B71E-4705-84BF-6007AB657AED}.Release|x86.ActiveCfg = Release|Any CPU
		{141F1FE1-B71E-4705-84BF-6007AB657AED}.Release|x86.Build.0 = Release|Any CPU
		{D83E19E4-406C-4846-A647-7FBB32304062}.Debug|Any CPU.ActiveCfg = Debug|Any CPU
		{D83E19E4-406C-4846-A647-7FBB32304062}.Debug|Any CPU.Build.0 = Debug|Any CPU
		{D83E19E4-406C-4846-A647-7FBB32304062}.Debug|x64.ActiveCfg = Debug|Any CPU
		{D83E19E4-406C-4846-A647-7FBB32304062}.Debug|x64.Build.0 = Debug|Any CPU
		{D83E19E4-406C-4846-A647-7FBB32304062}.Debug|x86.ActiveCfg = Debug|Any CPU
		{D83E19E4-406C-4846-A647-7FBB32304062}.Debug|x86.Build.0 = Debug|Any CPU
		{D83E19E4-406C-4846-A647-7FBB32304062}.Release|Any CPU.ActiveCfg = Release|Any CPU
		{D83E19E4-406C-4846-A647-7FBB32304062}.Release|Any CPU.Build.0 = Release|Any CPU
		{D83E19E4-406C-4846-A647-7FBB32304062}.Release|x64.ActiveCfg = Release|Any CPU
		{D83E19E4-406C-4846-A647-7FBB32304062}.Release|x64.Build.0 = Release|Any CPU
		{D83E19E4-406C-4846-A647-7FBB32304062}.Release|x86.ActiveCfg = Release|Any CPU
		{D83E19E4-406C-4846-A647-7FBB32304062}.Release|x86.Build.0 = Release|Any CPU
	EndGlobalSection
	GlobalSection(SolutionProperties) = preSolution
		HideSolutionNode = FALSE
	EndGlobalSection
EndGlobal
